
Microsoft Visual Studio Solution File, Format Version 12.00
# Visual Studio Version 16
VisualStudioVersion = 16.0.29519.181
MinimumVisualStudioVersion = 10.0.40219.1
Project("{FAE04EC0-301F-11D3-BF4B-00C04F79EFBC}") = "PaymentSite", "PaymentSite\PaymentSite.csproj", "{1EB5A096-7F73-4921-91D2-20CC60A1BAEA}"
EndProject
Global
	GlobalSection(SolutionConfigurationPlatforms) = preSolution
		Debug|Any CPU = Debug|Any CPU
		Release|Any CPU = Release|Any CPU
	EndGlobalSection
	GlobalSection(ProjectConfigurationPlatforms) = postSolution
		{1EB5A096-7F73-4921-91D2-20CC60A1BAEA}.Debug|Any CPU.ActiveCfg = Debug|Any CPU
		{1EB5A096-7F73-4921-91D2-20CC60A1BAEA}.Debug|Any CPU.Build.0 = Debug|Any CPU
		{1EB5A096-7F73-4921-91D2-20CC60A1BAEA}.Release|Any CPU.ActiveCfg = Release|Any CPU
		{1EB5A096-7F73-4921-91D2-20CC60A1BAEA}.Release|Any CPU.Build.0 = Release|Any CPU
	EndGlobalSection
	GlobalSection(SolutionProperties) = preSolution
		HideSolutionNode = FALSE
	EndGlobalSection
	GlobalSection(ExtensibilityGlobals) = postSolution
		SolutionGuid = {1A75D71B-E8F9-406E-9EA1-8A9D2B62AC7B}
	EndGlobalSection
EndGlobal
